
Microsoft Visual Studio Solution File, Format Version 12.00
# Visual Studio Version 16
VisualStudioVersion = 16.6.30114.105
MinimumVisualStudioVersion = 10.0.40219.1
Project("{9A19103F-16F7-4668-BE54-9A1E7A4F7556}") = "StoreModels", "StoreModels\StoreModels.csproj", "{E4D5038A-90DF-44A3-946C-6A91EF0B8E3F}"
EndProject
Project("{9A19103F-16F7-4668-BE54-9A1E7A4F7556}") = "StoreBL", "StoreBL\StoreBL.csproj", "{A4E2461A-E40D-493F-9ECE-C8D7F8D07895}"
EndProject
Project("{9A19103F-16F7-4668-BE54-9A1E7A4F7556}") = "StoreDL", "StoreDL\StoreDL.csproj", "{290A7CAC-DBA7-4CEB-9967-6ADC5BB649A5}"
EndProject
Project("{9A19103F-16F7-4668-BE54-9A1E7A4F7556}") = "StoreWebUI", "StoreWebUI\StoreWebUI.csproj", "{0D96BE8F-0AE7-497B-93D9-1CFE09AEE461}"
EndProject
Global
	GlobalSection(SolutionConfigurationPlatforms) = preSolution
		Debug|Any CPU = Debug|Any CPU
		Debug|x64 = Debug|x64
		Debug|x86 = Debug|x86
		Release|Any CPU = Release|Any CPU
		Release|x64 = Release|x64
		Release|x86 = Release|x86
	EndGlobalSection
	GlobalSection(ProjectConfigurationPlatforms) = postSolution
		{E4D5038A-90DF-44A3-946C-6A91EF0B8E3F}.Debug|Any CPU.ActiveCfg = Debug|Any CPU
		{E4D5038A-90DF-44A3-946C-6A91EF0B8E3F}.Debug|Any CPU.Build.0 = Debug|Any CPU
		{E4D5038A-90DF-44A3-946C-6A91EF0B8E3F}.Debug|x64.ActiveCfg = Debug|Any CPU
		{E4D5038A-90DF-44A3-946C-6A91EF0B8E3F}.Debug|x64.Build.0 = Debug|Any CPU
		{E4D5038A-90DF-44A3-946C-6A91EF0B8E3F}.Debug|x86.ActiveCfg = Debug|Any CPU
		{E4D5038A-90DF-44A3-946C-6A91EF0B8E3F}.Debug|x86.Build.0 = Debug|Any CPU
		{E4D5038A-90DF-44A3-946C-6A91EF0B8E3F}.Release|Any CPU.ActiveCfg = Release|Any CPU
		{E4D5038A-90DF-44A3-946C-6A91EF0B8E3F}.Release|Any CPU.Build.0 = Release|Any CPU
		{E4D5038A-90DF-44A3-946C-6A91EF0B8E3F}.Release|x64.ActiveCfg = Release|Any CPU
		{E4D5038A-90DF-44A3-946C-6A91EF0B8E3F}.Release|x64.Build.0 = Release|Any CPU
		{E4D5038A-90DF-44A3-946C-6A91EF0B8E3F}.Release|x86.ActiveCfg = Release|Any CPU
		{E4D5038A-90DF-44A3-946C-6A91EF0B8E3F}.Release|x86.Build.0 = Release|Any CPU
		{A4E2461A-E40D-493F-9ECE-C8D7F8D07895}.Debug|Any CPU.ActiveCfg = Debug|Any CPU
		{A4E2461A-E40D-493F-9ECE-C8D7F8D07895}.Debug|Any CPU.Build.0 = Debug|Any CPU
		{A4E2461A-E40D-493F-9ECE-C8D7F8D07895}.Debug|x64.ActiveCfg = Debug|Any CPU
		{A4E2461A-E40D-493F-9ECE-C8D7F8D07895}.Debug|x64.Build.0 = Debug|Any CPU
		{A4E2461A-E40D-493F-9ECE-C8D7F8D07895}.Debug|x86.ActiveCfg = Debug|Any CPU
		{A4E2461A-E40D-493F-9ECE-C8D7F8D07895}.Debug|x86.Build.0 = Debug|Any CPU
		{A4E2461A-E40D-493F-9ECE-C8D7F8D07895}.Release|Any CPU.ActiveCfg = Release|Any CPU
		{A4E2461A-E40D-493F-9ECE-C8D7F8D07895}.Release|Any CPU.Build.0 = Release|Any CPU
		{A4E2461A-E40D-493F-9ECE-C8D7F8D07895}.Release|x64.ActiveCfg = Release|Any CPU
		{A4E2461A-E40D-493F-9ECE-C8D7F8D07895}.Release|x64.Build.0 = Release|Any CPU
		{A4E2461A-E40D-493F-9ECE-C8D7F8D07895}.Release|x86.ActiveCfg = Release|Any CPU
		{A4E2461A-E40D-493F-9ECE-C8D7F8D07895}.Release|x86.Build.0 = Release|Any CPU
		{290A7CAC-DBA7-4CEB-9967-6ADC5BB649A5}.Debug|Any CPU.ActiveCfg = Debug|Any CPU
		{290A7CAC-DBA7-4CEB-9967-6ADC5BB649A5}.Debug|Any CPU.Build.0 = Debug|Any CPU
		{290A7CAC-DBA7-4CEB-9967-6ADC5BB649A5}.Debug|x64.ActiveCfg = Debug|Any CPU
		{290A7CAC-DBA7-4CEB-9967-6ADC5BB649A5}.Debug|x64.Build.0 = Debug|Any CPU
		{290A7CAC-DBA7-4CEB-9967-6ADC5BB649A5}.Debug|x86.ActiveCfg = Debug|Any CPU
		{290A7CAC-DBA7-4CEB-9967-6ADC5BB649A5}.Debug|x86.Build.0 = Debug|Any CPU
		{290A7CAC-DBA7-4CEB-9967-6ADC5BB649A5}.Release|Any CPU.ActiveCfg = Release|Any CPU
		{290A7CAC-DBA7-4CEB-9967-6ADC5BB649A5}.Release|Any CPU.Build.0 = Release|Any CPU
		{290A7CAC-DBA7-4CEB-9967-6ADC5BB649A5}.Release|x64.ActiveCfg = Release|Any CPU
		{290A7CAC-DBA7-4CEB-9967-6ADC5BB649A5}.Release|x64.Build.0 = Release|Any CPU
		{290A7CAC-DBA7-4CEB-9967-6ADC5BB649A5}.Release|x86.ActiveCfg = Release|Any CPU
		{290A7CAC-DBA7-4CEB-9967-6ADC5BB649A5}.Release|x86.Build.0 = Release|Any CPU
		{0D96BE8F-0AE7-497B-93D9-1CFE09AEE461}.Debug|Any CPU.ActiveCfg = Debug|Any CPU
		{0D96BE8F-0AE7-497B-93D9-1CFE09AEE461}.Debug|Any CPU.Build.0 = Debug|Any CPU
		{0D96BE8F-0AE7-497B-93D9-1CFE09AEE461}.Debug|x64.ActiveCfg = Debug|Any CPU
		{0D96BE8F-0AE7-497B-93D9-1CFE09AEE461}.Debug|x64.Build.0 = Debug|Any CPU
		{0D96BE8F-0AE7-497B-93D9-1CFE09AEE461}.Debug|x86.ActiveCfg = Debug|Any CPU
		{0D96BE8F-0AE7-497B-93D9-1CFE09AEE461}.Debug|x86.Build.0 = Debug|Any CPU
		{0D96BE8F-0AE7-497B-93D9-1CFE09AEE461}.Release|Any CPU.ActiveCfg = Release|Any CPU
		{0D96BE8F-0AE7-497B-93D9-1CFE09AEE461}.Release|Any CPU.Build.0 = Release|Any CPU
		{0D96BE8F-0AE7-497B-93D9-1CFE09AEE461}.Release|x64.ActiveCfg = Release|Any CPU
		{0D96BE8F-0AE7-497B-93D9-1CFE09AEE461}.Release|x64.Build.0 = Release|Any CPU
		{0D96BE8F-0AE7-497B-93D9-1CFE09AEE461}.Release|x86.ActiveCfg = Release|Any CPU
		{0D96BE8F-0AE7-497B-93D9-1CFE09AEE461}.Release|x86.Build.0 = Release|Any CPU
	EndGlobalSection
	GlobalSection(SolutionProperties) = preSolution
		HideSolutionNode = FALSE
	EndGlobalSection
	GlobalSection(ExtensibilityGlobals) = postSolution
		SolutionGuid = {22451936-44CE-4DDA-87E5-7770AEC1F106}
	EndGlobalSection
EndGlobal
